{
  "name": "compiler",
  "version": "1.0.0",
  "lockfileVersion": 3,
  "requires": true,
  "packages": {
    "": {
      "name": "compiler",
      "version": "1.0.0",
      "license": "ISC",
      "dependencies": {
        "@cloudflare/sandbox": "^0.12.9"
      }
    },
    "node_modules/@cloudflare/containers": {
      "version": "0.3.7",
      "resolved": "https://registry.npmjs.org/@cloudflare/containers/-/containers-0.3.7.tgz",
      "integrity": "sha512-DM9dm3FnIBSyiSJ1FLavKwl/lk3oAmTaynCzZQ9pZR0ncRPquSxkxd8Nu2MFILxmDDsPkxKsSNEh9mHHMty4Fw==",
      "license": "MIT OR Apache-2.0"
    },
    "node_modules/@cloudflare/sandbox": {
      "version": "0.12.9",
      "resolved": "https://registry.npmjs.org/@cloudflare/sandbox/-/sandbox-0.12.9.tgz",
      "integrity": "sha512-JlCQ8adVaHT3TrZO13X6US2LJTyQ4YvoEZpfh5EewRqcxPfMHZNJPB/1dsRdiFqmtzpz+lMxGazSUa2H/g2IKg==",
      "license": "Apache-2.0",
      "dependencies": {
        "@cloudflare/containers": "^0.3.5",
        "aws4fetch": "^1.0.20",
        "capnweb": "^0.8.0",
        "hono": "^4.13.0"
      },
      "peerDependencies": {
        "@openai/agents": "^0.3.3",
        "@opencode-ai/sdk": "^1.1.40",
        "@xterm/xterm": ">=5.0.0"
      },
      "peerDependenciesMeta": {
        "@openai/agents": {
          "optional": true
        },
        "@opencode-ai/sdk": {
          "optional": true
        },
        "@xterm/xterm": {
          "optional": true
        }
      }
    },
    "node_modules/aws4fetch": {
      "version": "1.0.20",
      "resolved": "https://registry.npmjs.org/aws4fetch/-/aws4fetch-1.0.20.tgz",
      "integrity": "sha512-/djoAN709iY65ETD6LKCtyyEI04XIBP5xVvfmNxsEP0uJB5tyaGBztSryRr4HqMStr9R06PisQE7m9zDTXKu6g==",
      "license": "MIT"
    },
    "node_modules/capnweb": {
      "version": "0.8.0",
      "resolved": "https://registry.npmjs.org/capnweb/-/capnweb-0.8.0.tgz",
      "integrity": "sha512-BK/TuXUiyfLSKsmjojn70yN7oYG/JJzoURZ3tckjg5Zj2KcygPm0A5jyOlswK7SYB4f0Gh9tt+RZ132b80iLfA==",
      "license": "MIT"
    },
    "node_modules/hono": {
      "version": "4.13.7",
      "resolved": "https://registry.npmjs.org/hono/-/hono-4.13.7.tgz",
      "integrity": "sha512-c8/gF9ac8Y78/agExVocyLevgR+JlpNB444Py0FSX8pJoPdYUfUzRcXtYEYGwt6l19qIlVZPN5Mfsw9jFShmQQ==",
      "license": "MIT",
      "engines": {
        "node": ">=16.9.0"
      }
    }
  }
}
